// !$*UTF8*$!
{
	archiveVersion = 1;
	classes = {
	};
	objectVersion = 46;
	objects = {

/* Begin PBXBuildFile section */
		0D45FD3B1D12BE9E00E34FD8 /* DancingScript-Regular.otf in Resources */ = {isa = PBXBuildFile; fileRef = 0D45FD371D12BE9E00E34FD8 /* DancingScript-Regular.otf */; };
		0D45FD3C1D12BE9E00E34FD8 /* profileDescription.html in Resources */ = {isa = PBXBuildFile; fileRef = 0D45FD381D12BE9E00E34FD8 /* profileDescription.html */; };
		0D45FD3D1D12BE9E00E34FD8 /* YanoneKaffeesatz-Regular.otf in Resources */ = {isa = PBXBuildFile; fileRef = 0D45FD391D12BE9E00E34FD8 /* YanoneKaffeesatz-Regular.otf */; };
		0D45FD3E1D12BE9E00E34FD8 /* YanoneKaffeesatz-Thin.otf in Resources */ = {isa = PBXBuildFile; fileRef = 0D45FD3A1D12BE9E00E34FD8 /* YanoneKaffeesatz-Thin.otf */; };
		0D45FD451D12C5EC00E34FD8 /* en.lproj in Resources */ = {isa = PBXBuildFile; fileRef = 0D45FD431D12C5EC00E34FD8 /* en.lproj */; };
		0D45FD461D12C5EC00E34FD8 /* pt-PT.lproj in Resources */ = {isa = PBXBuildFile; fileRef = 0D45FD441D12C5EC00E34FD8 /* pt-PT.lproj */; };
		0D6AE3961CFF81FC00C7A793 /* AppDelegate.swift in Sources */ = {isa = PBXBuildFile; fileRef = 0D6AE3951CFF81FC00C7A793 /* AppDelegate.swift */; };
		0D6AE3981CFF81FC00C7A793 /* MasterViewController.swift in Sources */ = {isa = PBXBuildFile; fileRef = 0D6AE3971CFF81FC00C7A793 /* MasterViewController.swift */; };
		0D6AE39D1CFF81FC00C7A793 /* Main.storyboard in Resources */ = {isa = PBXBuildFile; fileRef = 0D6AE39B1CFF81FC00C7A793 /* Main.storyboard */; };
		0D6AE39F1CFF81FC00C7A793 /* Assets.xcassets in Resources */ = {isa = PBXBuildFile; fileRef = 0D6AE39E1CFF81FC00C7A793 /* Assets.xcassets */; };
		0D6AE3A21CFF81FC00C7A793 /* LaunchScreen.storyboard in Resources */ = {isa = PBXBuildFile; fileRef = 0D6AE3A01CFF81FC00C7A793 /* LaunchScreen.storyboard */; };
		0D6AE3AD1CFF81FC00C7A793 /* Ao_DisporTests.swift in Sources */ = {isa = PBXBuildFile; fileRef = 0D6AE3AC1CFF81FC00C7A793 /* Ao_DisporTests.swift */; };
		0D6AE3B81CFF81FC00C7A793 /* Ao_DisporUITests.swift in Sources */ = {isa = PBXBuildFile; fileRef = 0D6AE3B71CFF81FC00C7A793 /* Ao_DisporUITests.swift */; };
		0D6AE3D81CFF844700C7A793 /* Resources+Extensions.swift in Sources */ = {isa = PBXBuildFile; fileRef = 0D6AE3D71CFF844700C7A793 /* Resources+Extensions.swift */; };
		0D6AE3DA1CFF845400C7A793 /* Professional.swift in Sources */ = {isa = PBXBuildFile; fileRef = 0D6AE3D91CFF845400C7A793 /* Professional.swift */; };
		0D6AE3DC1CFF845A00C7A793 /* ProfessionalKolodaView.swift in Sources */ = {isa = PBXBuildFile; fileRef = 0D6AE3DB1CFF845A00C7A793 /* ProfessionalKolodaView.swift */; };
		0D6AE3DF1CFF84A600C7A793 /* ProfessionalCard.swift in Sources */ = {isa = PBXBuildFile; fileRef = 0D6AE3DD1CFF84A600C7A793 /* ProfessionalCard.swift */; };
		0D6AE3E01CFF84A600C7A793 /* ProfessionalCard.xib in Resources */ = {isa = PBXBuildFile; fileRef = 0D6AE3DE1CFF84A600C7A793 /* ProfessionalCard.xib */; };
		0D761A711D0F093E005AF870 /* FavoriteViewCell.swift in Sources */ = {isa = PBXBuildFile; fileRef = 0D761A701D0F093E005AF870 /* FavoriteViewCell.swift */; };
		0D761A741D0F5AD5005AF870 /* FavoriteModalViewController.swift in Sources */ = {isa = PBXBuildFile; fileRef = 0D761A731D0F5AD5005AF870 /* FavoriteModalViewController.swift */; };
		0D79C4C81D106738000C5851 /* LastCard.swift in Sources */ = {isa = PBXBuildFile; fileRef = 0D79C4C71D106738000C5851 /* LastCard.swift */; };
		0D79C4CA1D106753000C5851 /* LastCard.xib in Resources */ = {isa = PBXBuildFile; fileRef = 0D79C4C91D106753000C5851 /* LastCard.xib */; };
		0D8B422F1546F4D49FAF0E8D /* Pods_Ao_Dispor.framework in Frameworks */ = {isa = PBXBuildFile; fileRef = 724C5F4F13CC22463BB90AD9 /* Pods_Ao_Dispor.framework */; };
		0DB312221D08A4590000B367 /* SearchViewController.swift in Sources */ = {isa = PBXBuildFile; fileRef = 0DB312211D08A4590000B367 /* SearchViewController.swift */; };
		0DBB19BE1D007EA1002F25A3 /* FavoritesViewController.swift in Sources */ = {isa = PBXBuildFile; fileRef = 0DBB19BD1D007EA1002F25A3 /* FavoritesViewController.swift */; };
		0DBB19C01D007ECC002F25A3 /* CardExplorerViewController.swift in Sources */ = {isa = PBXBuildFile; fileRef = 0DBB19BF1D007ECC002F25A3 /* CardExplorerViewController.swift */; };
		0DBB84361D11EC5E005F90D0 /* FavoritePresentationViewController.swift in Sources */ = {isa = PBXBuildFile; fileRef = 0DBB84351D11EC5E005F90D0 /* FavoritePresentationViewController.swift */; };
		77CCD3F3E9C84840583DFC91 /* Pods_Ao_DisporTests.framework in Frameworks */ = {isa = PBXBuildFile; fileRef = A6C1783115BF44D892E66443 /* Pods_Ao_DisporTests.framework */; };
		F9B9817E1F0A0FA6C0DAA41F /* Pods_Ao_DisporUITests.framework in Frameworks */ = {isa = PBXBuildFile; fileRef = 996F8D2C0C7150A461061041 /* Pods_Ao_DisporUITests.framework */; };
/* End PBXBuildFile section */

/* Begin PBXContainerItemProxy section */
		0D6AE3A91CFF81FC00C7A793 /* PBXContainerItemProxy */ = {
			isa = PBXContainerItemProxy;
			containerPortal = 0D6AE38A1CFF81FC00C7A793 /* Project object */;
			proxyType = 1;
			remoteGlobalIDString = 0D6AE3911CFF81FC00C7A793;
			remoteInfo = "Ao Dispor";
		};
		0D6AE3B41CFF81FC00C7A793 /* PBXContainerItemProxy */ = {
			isa = PBXContainerItemProxy;
			containerPortal = 0D6AE38A1CFF81FC00C7A793 /* Project object */;
			proxyType = 1;
			remoteGlobalIDString = 0D6AE3911CFF81FC00C7A793;
			remoteInfo = "Ao Dispor";
		};
/* End PBXContainerItemProxy section */

/* Begin PBXFileReference section */
		0D45FD371D12BE9E00E34FD8 /* DancingScript-Regular.otf */ = {isa = PBXFileReference; lastKnownFileType = file; name = "DancingScript-Regular.otf"; path = "Ao Dispor/Resources/DancingScript-Regular.otf"; sourceTree = "<group>"; };
		0D45FD381D12BE9E00E34FD8 /* profileDescription.html */ = {isa = PBXFileReference; fileEncoding = 4; lastKnownFileType = text.html; name = profileDescription.html; path = "Ao Dispor/Resources/profileDescription.html"; sourceTree = "<group>"; };
		0D45FD391D12BE9E00E34FD8 /* YanoneKaffeesatz-Regular.otf */ = {isa = PBXFileReference; lastKnownFileType = file; name = "YanoneKaffeesatz-Regular.otf"; path = "Ao Dispor/Resources/YanoneKaffeesatz-Regular.otf"; sourceTree = "<group>"; };
		0D45FD3A1D12BE9E00E34FD8 /* YanoneKaffeesatz-Thin.otf */ = {isa = PBXFileReference; lastKnownFileType = file; name = "YanoneKaffeesatz-Thin.otf"; path = "Ao Dispor/Resources/YanoneKaffeesatz-Thin.otf"; sourceTree = "<group>"; };
		0D45FD431D12C5EC00E34FD8 /* en.lproj */ = {isa = PBXFileReference; lastKnownFileType = folder; name = en.lproj; path = "Ao Dispor/en.lproj"; sourceTree = "<group>"; };
		0D45FD441D12C5EC00E34FD8 /* pt-PT.lproj */ = {isa = PBXFileReference; lastKnownFileType = folder; name = "pt-PT.lproj"; path = "Ao Dispor/pt-PT.lproj"; sourceTree = "<group>"; };
		0D6AE3921CFF81FC00C7A793 /* Ao Dispor.app */ = {isa = PBXFileReference; explicitFileType = wrapper.application; includeInIndex = 0; path = "Ao Dispor.app"; sourceTree = BUILT_PRODUCTS_DIR; };
		0D6AE3951CFF81FC00C7A793 /* AppDelegate.swift */ = {isa = PBXFileReference; lastKnownFileType = sourcecode.swift; path = AppDelegate.swift; sourceTree = "<group>"; };
		0D6AE3971CFF81FC00C7A793 /* MasterViewController.swift */ = {isa = PBXFileReference; lastKnownFileType = sourcecode.swift; path = MasterViewController.swift; sourceTree = "<group>"; };
		0D6AE39C1CFF81FC00C7A793 /* Base */ = {isa = PBXFileReference; lastKnownFileType = file.storyboard; name = Base; path = Base.lproj/Main.storyboard; sourceTree = "<group>"; };
		0D6AE39E1CFF81FC00C7A793 /* Assets.xcassets */ = {isa = PBXFileReference; lastKnownFileType = folder.assetcatalog; name = Assets.xcassets; path = "Ao Dispor/Assets.xcassets"; sourceTree = "<group>"; };
		0D6AE3A11CFF81FC00C7A793 /* Base */ = {isa = PBXFileReference; lastKnownFileType = file.storyboard; name = Base; path = Base.lproj/LaunchScreen.storyboard; sourceTree = "<group>"; };
		0D6AE3A31CFF81FC00C7A793 /* Info.plist */ = {isa = PBXFileReference; lastKnownFileType = text.plist.xml; name = Info.plist; path = "Ao Dispor/Info.plist"; sourceTree = "<group>"; };
		0D6AE3A81CFF81FC00C7A793 /* Ao DisporTests.xctest */ = {isa = PBXFileReference; explicitFileType = wrapper.cfbundle; includeInIndex = 0; path = "Ao DisporTests.xctest"; sourceTree = BUILT_PRODUCTS_DIR; };
		0D6AE3AC1CFF81FC00C7A793 /* Ao_DisporTests.swift */ = {isa = PBXFileReference; lastKnownFileType = sourcecode.swift; path = Ao_DisporTests.swift; sourceTree = "<group>"; };
		0D6AE3AE1CFF81FC00C7A793 /* Info.plist */ = {isa = PBXFileReference; lastKnownFileType = text.plist.xml; path = Info.plist; sourceTree = "<group>"; };
		0D6AE3B31CFF81FC00C7A793 /* Ao DisporUITests.xctest */ = {isa = PBXFileReference; explicitFileType = wrapper.cfbundle; includeInIndex = 0; path = "Ao DisporUITests.xctest"; sourceTree = BUILT_PRODUCTS_DIR; };
		0D6AE3B71CFF81FC00C7A793 /* Ao_DisporUITests.swift */ = {isa = PBXFileReference; lastKnownFileType = sourcecode.swift; path = Ao_DisporUITests.swift; sourceTree = "<group>"; };
		0D6AE3B91CFF81FC00C7A793 /* Info.plist */ = {isa = PBXFileReference; lastKnownFileType = text.plist.xml; path = Info.plist; sourceTree = "<group>"; };
		0D6AE3D71CFF844700C7A793 /* Resources+Extensions.swift */ = {isa = PBXFileReference; fileEncoding = 4; lastKnownFileType = sourcecode.swift; path = "Resources+Extensions.swift"; sourceTree = "<group>"; };
		0D6AE3D91CFF845400C7A793 /* Professional.swift */ = {isa = PBXFileReference; fileEncoding = 4; lastKnownFileType = sourcecode.swift; path = Professional.swift; sourceTree = "<group>"; };
		0D6AE3DB1CFF845A00C7A793 /* ProfessionalKolodaView.swift */ = {isa = PBXFileReference; fileEncoding = 4; lastKnownFileType = sourcecode.swift; path = ProfessionalKolodaView.swift; sourceTree = "<group>"; };
		0D6AE3DD1CFF84A600C7A793 /* ProfessionalCard.swift */ = {isa = PBXFileReference; fileEncoding = 4; lastKnownFileType = sourcecode.swift; path = ProfessionalCard.swift; sourceTree = "<group>"; };
		0D6AE3DE1CFF84A600C7A793 /* ProfessionalCard.xib */ = {isa = PBXFileReference; fileEncoding = 4; lastKnownFileType = file.xib; path = ProfessionalCard.xib; sourceTree = "<group>"; };
		0D761A701D0F093E005AF870 /* FavoriteViewCell.swift */ = {isa = PBXFileReference; fileEncoding = 4; lastKnownFileType = sourcecode.swift; path = FavoriteViewCell.swift; sourceTree = "<group>"; };
		0D761A731D0F5AD5005AF870 /* FavoriteModalViewController.swift */ = {isa = PBXFileReference; fileEncoding = 4; lastKnownFileType = sourcecode.swift; path = FavoriteModalViewController.swift; sourceTree = "<group>"; };
		0D79C4C71D106738000C5851 /* LastCard.swift */ = {isa = PBXFileReference; fileEncoding = 4; lastKnownFileType = sourcecode.swift; path = LastCard.swift; sourceTree = "<group>"; };
		0D79C4C91D106753000C5851 /* LastCard.xib */ = {isa = PBXFileReference; fileEncoding = 4; lastKnownFileType = file.xib; path = LastCard.xib; sourceTree = "<group>"; };
		0DB312211D08A4590000B367 /* SearchViewController.swift */ = {isa = PBXFileReference; fileEncoding = 4; lastKnownFileType = sourcecode.swift; path = SearchViewController.swift; sourceTree = "<group>"; };
		0DBB19BD1D007EA1002F25A3 /* FavoritesViewController.swift */ = {isa = PBXFileReference; fileEncoding = 4; lastKnownFileType = sourcecode.swift; path = FavoritesViewController.swift; sourceTree = "<group>"; };
		0DBB19BF1D007ECC002F25A3 /* CardExplorerViewController.swift */ = {isa = PBXFileReference; fileEncoding = 4; lastKnownFileType = sourcecode.swift; path = CardExplorerViewController.swift; sourceTree = "<group>"; };
		0DBB84351D11EC5E005F90D0 /* FavoritePresentationViewController.swift */ = {isa = PBXFileReference; fileEncoding = 4; lastKnownFileType = sourcecode.swift; path = FavoritePresentationViewController.swift; sourceTree = "<group>"; };
		62BDF106BC6E9FB1C1CD4433 /* Pods-Ao DisporTests.release.xcconfig */ = {isa = PBXFileReference; includeInIndex = 1; lastKnownFileType = text.xcconfig; name = "Pods-Ao DisporTests.release.xcconfig"; path = "Pods/Target Support Files/Pods-Ao DisporTests/Pods-Ao DisporTests.release.xcconfig"; sourceTree = "<group>"; };
		724C5F4F13CC22463BB90AD9 /* Pods_Ao_Dispor.framework */ = {isa = PBXFileReference; explicitFileType = wrapper.framework; includeInIndex = 0; path = Pods_Ao_Dispor.framework; sourceTree = BUILT_PRODUCTS_DIR; };
		7EBAFAD0AAEA6E61510F77AA /* Pods-Ao DisporUITests.debug.xcconfig */ = {isa = PBXFileReference; includeInIndex = 1; lastKnownFileType = text.xcconfig; name = "Pods-Ao DisporUITests.debug.xcconfig"; path = "Pods/Target Support Files/Pods-Ao DisporUITests/Pods-Ao DisporUITests.debug.xcconfig"; sourceTree = "<group>"; };
		889E18F8B6F0890F8F4DB696 /* Pods-Ao Dispor.release.xcconfig */ = {isa = PBXFileReference; includeInIndex = 1; lastKnownFileType = text.xcconfig; name = "Pods-Ao Dispor.release.xcconfig"; path = "Pods/Target Support Files/Pods-Ao Dispor/Pods-Ao Dispor.release.xcconfig"; sourceTree = "<group>"; };
		996F8D2C0C7150A461061041 /* Pods_Ao_DisporUITests.framework */ = {isa = PBXFileReference; explicitFileType = wrapper.framework; includeInIndex = 0; path = Pods_Ao_DisporUITests.framework; sourceTree = BUILT_PRODUCTS_DIR; };
		A6C1783115BF44D892E66443 /* Pods_Ao_DisporTests.framework */ = {isa = PBXFileReference; explicitFileType = wrapper.framework; includeInIndex = 0; path = Pods_Ao_DisporTests.framework; sourceTree = BUILT_PRODUCTS_DIR; };
		C4946055D6002C3A24E4C1C4 /* Pods-Ao DisporUITests.release.xcconfig */ = {isa = PBXFileReference; includeInIndex = 1; lastKnownFileType = text.xcconfig; name = "Pods-Ao DisporUITests.release.xcconfig"; path = "Pods/Target Support Files/Pods-Ao DisporUITests/Pods-Ao DisporUITests.release.xcconfig"; sourceTree = "<group>"; };
		C7E4DB6B4F52CE9A2C75F2BB /* Pods-Ao Dispor.debug.xcconfig */ = {isa = PBXFileReference; includeInIndex = 1; lastKnownFileType = text.xcconfig; name = "Pods-Ao Dispor.debug.xcconfig"; path = "Pods/Target Support Files/Pods-Ao Dispor/Pods-Ao Dispor.debug.xcconfig"; sourceTree = "<group>"; };
		C8CD8FBB5F08890815BD0D14 /* Pods-Ao DisporTests.debug.xcconfig */ = {isa = PBXFileReference; includeInIndex = 1; lastKnownFileType = text.xcconfig; name = "Pods-Ao DisporTests.debug.xcconfig"; path = "Pods/Target Support Files/Pods-Ao DisporTests/Pods-Ao DisporTests.debug.xcconfig"; sourceTree = "<group>"; };
/* End PBXFileReference section */

/* Begin PBXFrameworksBuildPhase section */
		0D6AE38F1CFF81FC00C7A793 /* Frameworks */ = {
			isa = PBXFrameworksBuildPhase;
			buildActionMask = 2147483647;
			files = (
				0D8B422F1546F4D49FAF0E8D /* Pods_Ao_Dispor.framework in Frameworks */,
			);
			runOnlyForDeploymentPostprocessing = 0;
		};
		0D6AE3A51CFF81FC00C7A793 /* Frameworks */ = {
			isa = PBXFrameworksBuildPhase;
			buildActionMask = 2147483647;
			files = (
				77CCD3F3E9C84840583DFC91 /* Pods_Ao_DisporTests.framework in Frameworks */,
			);
			runOnlyForDeploymentPostprocessing = 0;
		};
		0D6AE3B01CFF81FC00C7A793 /* Frameworks */ = {
			isa = PBXFrameworksBuildPhase;
			buildActionMask = 2147483647;
			files = (
				F9B9817E1F0A0FA6C0DAA41F /* Pods_Ao_DisporUITests.framework in Frameworks */,
			);
			runOnlyForDeploymentPostprocessing = 0;
		};
/* End PBXFrameworksBuildPhase section */

/* Begin PBXGroup section */
		0D6AE3891CFF81FC00C7A793 = {
			isa = PBXGroup;
			children = (
				0D6AE3941CFF81FC00C7A793 /* Ao Dispor */,
				0D6AE3AB1CFF81FC00C7A793 /* Ao DisporTests */,
				0D6AE3B61CFF81FC00C7A793 /* Ao DisporUITests */,
				0D6AE3D21CFF840E00C7A793 /* Resources */,
				0D6AE3931CFF81FC00C7A793 /* Products */,
				CB883ACD8FFD8F9E965428B3 /* Pods */,
				C587D62D4598CDD001E5CAB2 /* Frameworks */,
			);
			sourceTree = "<group>";
		};
		0D6AE3931CFF81FC00C7A793 /* Products */ = {
			isa = PBXGroup;
			children = (
				0D6AE3921CFF81FC00C7A793 /* Ao Dispor.app */,
				0D6AE3A81CFF81FC00C7A793 /* Ao DisporTests.xctest */,
				0D6AE3B31CFF81FC00C7A793 /* Ao DisporUITests.xctest */,
			);
			name = Products;
			sourceTree = "<group>";
		};
		0D6AE3941CFF81FC00C7A793 /* Ao Dispor */ = {
			isa = PBXGroup;
			children = (
				0D6AE3951CFF81FC00C7A793 /* AppDelegate.swift */,
				0DBB19C11D008006002F25A3 /* CardExplorer */,
				0D6AE3D91CFF845400C7A793 /* Professional.swift */,
				0DBB19BD1D007EA1002F25A3 /* FavoritesViewController.swift */,
				0D761A731D0F5AD5005AF870 /* FavoriteModalViewController.swift */,
				0DBB84351D11EC5E005F90D0 /* FavoritePresentationViewController.swift */,
				0D761A721D0F0C52005AF870 /* Views */,
				0D6AE39B1CFF81FC00C7A793 /* Main.storyboard */,
				0D6AE3A01CFF81FC00C7A793 /* LaunchScreen.storyboard */,
				0DBB19BF1D007ECC002F25A3 /* CardExplorerViewController.swift */,
				0D6AE3D71CFF844700C7A793 /* Resources+Extensions.swift */,
			);
			path = "Ao Dispor";
			sourceTree = "<group>";
		};
		0D6AE3AB1CFF81FC00C7A793 /* Ao DisporTests */ = {
			isa = PBXGroup;
			children = (
				0D6AE3AC1CFF81FC00C7A793 /* Ao_DisporTests.swift */,
				0D6AE3AE1CFF81FC00C7A793 /* Info.plist */,
			);
			path = "Ao DisporTests";
			sourceTree = "<group>";
		};
		0D6AE3B61CFF81FC00C7A793 /* Ao DisporUITests */ = {
			isa = PBXGroup;
			children = (
				0D6AE3B71CFF81FC00C7A793 /* Ao_DisporUITests.swift */,
				0D6AE3B91CFF81FC00C7A793 /* Info.plist */,
			);
			path = "Ao DisporUITests";
			sourceTree = "<group>";
		};
		0D6AE3D21CFF840E00C7A793 /* Resources */ = {
			isa = PBXGroup;
			children = (
				0D6AE39E1CFF81FC00C7A793 /* Assets.xcassets */,
				0D6AE3A31CFF81FC00C7A793 /* Info.plist */,
				0D45FD431D12C5EC00E34FD8 /* en.lproj */,
				0D45FD441D12C5EC00E34FD8 /* pt-PT.lproj */,
				0D45FD381D12BE9E00E34FD8 /* profileDescription.html */,
				0D45FD371D12BE9E00E34FD8 /* DancingScript-Regular.otf */,
				0D45FD391D12BE9E00E34FD8 /* YanoneKaffeesatz-Regular.otf */,
				0D45FD3A1D12BE9E00E34FD8 /* YanoneKaffeesatz-Thin.otf */,
			);
			name = Resources;
			sourceTree = "<group>";
		};
		0D761A721D0F0C52005AF870 /* Views */ = {
			isa = PBXGroup;
			children = (
				0D79C4C71D106738000C5851 /* LastCard.swift */,
				0D79C4C91D106753000C5851 /* LastCard.xib */,
				0D6AE3DD1CFF84A600C7A793 /* ProfessionalCard.swift */,
				0D6AE3DE1CFF84A600C7A793 /* ProfessionalCard.xib */,
				0D761A701D0F093E005AF870 /* FavoriteViewCell.swift */,
			);
			name = Views;
			sourceTree = "<group>";
		};
		0DBB19C11D008006002F25A3 /* CardExplorer */ = {
			isa = PBXGroup;
			children = (
				0D6AE3971CFF81FC00C7A793 /* MasterViewController.swift */,
				0D6AE3DB1CFF845A00C7A793 /* ProfessionalKolodaView.swift */,
				0DB312211D08A4590000B367 /* SearchViewController.swift */,
			);
			name = CardExplorer;
			sourceTree = "<group>";
		};
		C587D62D4598CDD001E5CAB2 /* Frameworks */ = {
			isa = PBXGroup;
			children = (
				724C5F4F13CC22463BB90AD9 /* Pods_Ao_Dispor.framework */,
				A6C1783115BF44D892E66443 /* Pods_Ao_DisporTests.framework */,
				996F8D2C0C7150A461061041 /* Pods_Ao_DisporUITests.framework */,
			);
			name = Frameworks;
			sourceTree = "<group>";
		};
		CB883ACD8FFD8F9E965428B3 /* Pods */ = {
			isa = PBXGroup;
			children = (
				C7E4DB6B4F52CE9A2C75F2BB /* Pods-Ao Dispor.debug.xcconfig */,
				889E18F8B6F0890F8F4DB696 /* Pods-Ao Dispor.release.xcconfig */,
				C8CD8FBB5F08890815BD0D14 /* Pods-Ao DisporTests.debug.xcconfig */,
				62BDF106BC6E9FB1C1CD4433 /* Pods-Ao DisporTests.release.xcconfig */,
				7EBAFAD0AAEA6E61510F77AA /* Pods-Ao DisporUITests.debug.xcconfig */,
				C4946055D6002C3A24E4C1C4 /* Pods-Ao DisporUITests.release.xcconfig */,
			);
			name = Pods;
			sourceTree = "<group>";
		};
/* End PBXGroup section */

/* Begin PBXNativeTarget section */
		0D6AE3911CFF81FC00C7A793 /* Ao Dispor */ = {
			isa = PBXNativeTarget;
			buildConfigurationList = 0D6AE3BC1CFF81FC00C7A793 /* Build configuration list for PBXNativeTarget "Ao Dispor" */;
			buildPhases = (
				9406699AE89814AA2DBC1E03 /* [CP] Check Pods Manifest.lock */,
				0D6AE38E1CFF81FC00C7A793 /* Sources */,
				0D6AE38F1CFF81FC00C7A793 /* Frameworks */,
				0D6AE3901CFF81FC00C7A793 /* Resources */,
				7A3136FD145E52923D258194 /* [CP] Embed Pods Frameworks */,
				3EFD7F61A0DC9B2F8D64C8A6 /* [CP] Copy Pods Resources */,
			);
			buildRules = (
			);
			dependencies = (
			);
			name = "Ao Dispor";
			productName = "Ao Dispor";
			productReference = 0D6AE3921CFF81FC00C7A793 /* Ao Dispor.app */;
			productType = "com.apple.product-type.application";
		};
		0D6AE3A71CFF81FC00C7A793 /* Ao DisporTests */ = {
			isa = PBXNativeTarget;
			buildConfigurationList = 0D6AE3BF1CFF81FC00C7A793 /* Build configuration list for PBXNativeTarget "Ao DisporTests" */;
			buildPhases = (
				21AFC31F443B584751B95733 /* [CP] Check Pods Manifest.lock */,
				0D6AE3A41CFF81FC00C7A793 /* Sources */,
				0D6AE3A51CFF81FC00C7A793 /* Frameworks */,
				0D6AE3A61CFF81FC00C7A793 /* Resources */,
				32EA6B23DFD1E7C6266C640D /* [CP] Embed Pods Frameworks */,
				EE857FBA3AF21F5F822E17A8 /* [CP] Copy Pods Resources */,
			);
			buildRules = (
			);
			dependencies = (
				0D6AE3AA1CFF81FC00C7A793 /* PBXTargetDependency */,
			);
			name = "Ao DisporTests";
			productName = "Ao DisporTests";
			productReference = 0D6AE3A81CFF81FC00C7A793 /* Ao DisporTests.xctest */;
			productType = "com.apple.product-type.bundle.unit-test";
		};
		0D6AE3B21CFF81FC00C7A793 /* Ao DisporUITests */ = {
			isa = PBXNativeTarget;
			buildConfigurationList = 0D6AE3C21CFF81FC00C7A793 /* Build configuration list for PBXNativeTarget "Ao DisporUITests" */;
			buildPhases = (
				7C2BAB4809944161BBC816F6 /* [CP] Check Pods Manifest.lock */,
				0D6AE3AF1CFF81FC00C7A793 /* Sources */,
				0D6AE3B01CFF81FC00C7A793 /* Frameworks */,
				0D6AE3B11CFF81FC00C7A793 /* Resources */,
				CCC3FF621C6429ECB90BFF4F /* [CP] Copy Pods Resources */,
			);
			buildRules = (
			);
			dependencies = (
				0D6AE3B51CFF81FC00C7A793 /* PBXTargetDependency */,
			);
			name = "Ao DisporUITests";
			productName = "Ao DisporUITests";
			productReference = 0D6AE3B31CFF81FC00C7A793 /* Ao DisporUITests.xctest */;
			productType = "com.apple.product-type.bundle.ui-testing";
		};
/* End PBXNativeTarget section */

/* Begin PBXProject section */
		0D6AE38A1CFF81FC00C7A793 /* Project object */ = {
			isa = PBXProject;
			attributes = {
				LastSwiftUpdateCheck = 0730;
				LastUpgradeCheck = 0730;
				ORGANIZATIONNAME = "Ao Dispor";
				TargetAttributes = {
					0D6AE3911CFF81FC00C7A793 = {
						CreatedOnToolsVersion = 7.3.1;
						DevelopmentTeam = 6JZ2JQ2YB8;
					};
					0D6AE3A71CFF81FC00C7A793 = {
						CreatedOnToolsVersion = 7.3.1;
						TestTargetID = 0D6AE3911CFF81FC00C7A793;
					};
					0D6AE3B21CFF81FC00C7A793 = {
						CreatedOnToolsVersion = 7.3.1;
						TestTargetID = 0D6AE3911CFF81FC00C7A793;
					};
				};
			};
			buildConfigurationList = 0D6AE38D1CFF81FC00C7A793 /* Build configuration list for PBXProject "Ao Dispor" */;
			compatibilityVersion = "Xcode 3.2";
			developmentRegion = English;
			hasScannedForEncodings = 0;
			knownRegions = (
				en,
				Base,
			);
			mainGroup = 0D6AE3891CFF81FC00C7A793;
			productRefGroup = 0D6AE3931CFF81FC00C7A793 /* Products */;
			projectDirPath = "";
			projectRoot = "";
			targets = (
				0D6AE3911CFF81FC00C7A793 /* Ao Dispor */,
				0D6AE3A71CFF81FC00C7A793 /* Ao DisporTests */,
				0D6AE3B21CFF81FC00C7A793 /* Ao DisporUITests */,
			);
		};
/* End PBXProject section */

/* Begin PBXResourcesBuildPhase section */
		0D6AE3901CFF81FC00C7A793 /* Resources */ = {
			isa = PBXResourcesBuildPhase;
			buildActionMask = 2147483647;
			files = (
				0D79C4CA1D106753000C5851 /* LastCard.xib in Resources */,
				0D6AE3A21CFF81FC00C7A793 /* LaunchScreen.storyboard in Resources */,
				0D45FD3E1D12BE9E00E34FD8 /* YanoneKaffeesatz-Thin.otf in Resources */,
				0D6AE39F1CFF81FC00C7A793 /* Assets.xcassets in Resources */,
				0D6AE39D1CFF81FC00C7A793 /* Main.storyboard in Resources */,
				0D45FD3D1D12BE9E00E34FD8 /* YanoneKaffeesatz-Regular.otf in Resources */,
				0D45FD3B1D12BE9E00E34FD8 /* DancingScript-Regular.otf in Resources */,
				0D45FD461D12C5EC00E34FD8 /* pt-PT.lproj in Resources */,
				0D6AE3E01CFF84A600C7A793 /* ProfessionalCard.xib in Resources */,
				0D45FD451D12C5EC00E34FD8 /* en.lproj in Resources */,
				0D45FD3C1D12BE9E00E34FD8 /* profileDescription.html in Resources */,
			);
			runOnlyForDeploymentPostprocessing = 0;
		};
		0D6AE3A61CFF81FC00C7A793 /* Resources */ = {
			isa = PBXResourcesBuildPhase;
			buildActionMask = 2147483647;
			files = (
			);
			runOnlyForDeploymentPostprocessing = 0;
		};
		0D6AE3B11CFF81FC00C7A793 /* Resources */ = {
			isa = PBXResourcesBuildPhase;
			buildActionMask = 2147483647;
			files = (
			);
			runOnlyForDeploymentPostprocessing = 0;
		};
/* End PBXResourcesBuildPhase section */

/* Begin PBXShellScriptBuildPhase section */
		21AFC31F443B584751B95733 /* [CP] Check Pods Manifest.lock */ = {
			isa = PBXShellScriptBuildPhase;
			buildActionMask = 2147483647;
			files = (
			);
			inputPaths = (
			);
			name = "[CP] Check Pods Manifest.lock";
			outputPaths = (
			);
			runOnlyForDeploymentPostprocessing = 0;
			shellPath = /bin/sh;
			shellScript = "diff \"${PODS_ROOT}/../Podfile.lock\" \"${PODS_ROOT}/Manifest.lock\" > /dev/null\nif [[ $? != 0 ]] ; then\n    cat << EOM\nerror: The sandbox is not in sync with the Podfile.lock. Run 'pod install' or update your CocoaPods installation.\nEOM\n    exit 1\nfi\n";
			showEnvVarsInLog = 0;
		};
		32EA6B23DFD1E7C6266C640D /* [CP] Embed Pods Frameworks */ = {
			isa = PBXShellScriptBuildPhase;
			buildActionMask = 2147483647;
			files = (
			);
			inputPaths = (
			);
			name = "[CP] Embed Pods Frameworks";
			outputPaths = (
			);
			runOnlyForDeploymentPostprocessing = 0;
			shellPath = /bin/sh;
			shellScript = "\"${SRCROOT}/Pods/Target Support Files/Pods-Ao DisporTests/Pods-Ao DisporTests-frameworks.sh\"\n";
			showEnvVarsInLog = 0;
		};
		3EFD7F61A0DC9B2F8D64C8A6 /* [CP] Copy Pods Resources */ = {
			isa = PBXShellScriptBuildPhase;
			buildActionMask = 2147483647;
			files = (
			);
			inputPaths = (
			);
			name = "[CP] Copy Pods Resources";
			outputPaths = (
			);
			runOnlyForDeploymentPostprocessing = 0;
			shellPath = /bin/sh;
			shellScript = "\"${SRCROOT}/Pods/Target Support Files/Pods-Ao Dispor/Pods-Ao Dispor-resources.sh\"\n";
			showEnvVarsInLog = 0;
		};
		7A3136FD145E52923D258194 /* [CP] Embed Pods Frameworks */ = {
			isa = PBXShellScriptBuildPhase;
			buildActionMask = 2147483647;
			files = (
			);
			inputPaths = (
			);
			name = "[CP] Embed Pods Frameworks";
			outputPaths = (
			);
			runOnlyForDeploymentPostprocessing = 0;
			shellPath = /bin/sh;
			shellScript = "\"${SRCROOT}/Pods/Target Support Files/Pods-Ao Dispor/Pods-Ao Dispor-frameworks.sh\"\n";
			showEnvVarsInLog = 0;
		};
		7C2BAB4809944161BBC816F6 /* [CP] Check Pods Manifest.lock */ = {
			isa = PBXShellScriptBuildPhase;
			buildActionMask = 2147483647;
			files = (
			);
			inputPaths = (
			);
			name = "[CP] Check Pods Manifest.lock";
			outputPaths = (
			);
			runOnlyForDeploymentPostprocessing = 0;
			shellPath = /bin/sh;
			shellScript = "diff \"${PODS_ROOT}/../Podfile.lock\" \"${PODS_ROOT}/Manifest.lock\" > /dev/null\nif [[ $? != 0 ]] ; then\n    cat << EOM\nerror: The sandbox is not in sync with the Podfile.lock. Run 'pod install' or update your CocoaPods installation.\nEOM\n    exit 1\nfi\n";
			showEnvVarsInLog = 0;
		};
		9406699AE89814AA2DBC1E03 /* [CP] Check Pods Manifest.lock */ = {
			isa = PBXShellScriptBuildPhase;
			buildActionMask = 2147483647;
			files = (
			);
			inputPaths = (
			);
			name = "[CP] Check Pods Manifest.lock";
			outputPaths = (
			);
			runOnlyForDeploymentPostprocessing = 0;
			shellPath = /bin/sh;
			shellScript = "diff \"${PODS_ROOT}/../Podfile.lock\" \"${PODS_ROOT}/Manifest.lock\" > /dev/null\nif [[ $? != 0 ]] ; then\n    cat << EOM\nerror: The sandbox is not in sync with the Podfile.lock. Run 'pod install' or update your CocoaPods installation.\nEOM\n    exit 1\nfi\n";
			showEnvVarsInLog = 0;
		};
		CCC3FF621C6429ECB90BFF4F /* [CP] Copy Pods Resources */ = {
			isa = PBXShellScriptBuildPhase;
			buildActionMask = 2147483647;
			files = (
			);
			inputPaths = (
			);
			name = "[CP] Copy Pods Resources";
			outputPaths = (
			);
			runOnlyForDeploymentPostprocessing = 0;
			shellPath = /bin/sh;
			shellScript = "\"${SRCROOT}/Pods/Target Support Files/Pods-Ao DisporUITests/Pods-Ao DisporUITests-resources.sh\"\n";
			showEnvVarsInLog = 0;
		};
		EE857FBA3AF21F5F822E17A8 /* [CP] Copy Pods Resources */ = {
			isa = PBXShellScriptBuildPhase;
			buildActionMask = 2147483647;
			files = (
			);
			inputPaths = (
			);
			name = "[CP] Copy Pods Resources";
			outputPaths = (
			);
			runOnlyForDeploymentPostprocessing = 0;
			shellPath = /bin/sh;
			shellScript = "\"${SRCROOT}/Pods/Target Support Files/Pods-Ao DisporTests/Pods-Ao DisporTests-resources.sh\"\n";
			showEnvVarsInLog = 0;
		};
/* End PBXShellScriptBuildPhase section */

/* Begin PBXSourcesBuildPhase section */
		0D6AE38E1CFF81FC00C7A793 /* Sources */ = {
			isa = PBXSourcesBuildPhase;
			buildActionMask = 2147483647;
			files = (
				0DBB19C01D007ECC002F25A3 /* CardExplorerViewController.swift in Sources */,
				0DB312221D08A4590000B367 /* SearchViewController.swift in Sources */,
				0D6AE3981CFF81FC00C7A793 /* MasterViewController.swift in Sources */,
				0D6AE3961CFF81FC00C7A793 /* AppDelegate.swift in Sources */,
				0DBB19BE1D007EA1002F25A3 /* FavoritesViewController.swift in Sources */,
				0D6AE3DF1CFF84A600C7A793 /* ProfessionalCard.swift in Sources */,
				0D761A711D0F093E005AF870 /* FavoriteViewCell.swift in Sources */,
				0DBB84361D11EC5E005F90D0 /* FavoritePresentationViewController.swift in Sources */,
				0D79C4C81D106738000C5851 /* LastCard.swift in Sources */,
				0D6AE3DC1CFF845A00C7A793 /* ProfessionalKolodaView.swift in Sources */,
				0D6AE3DA1CFF845400C7A793 /* Professional.swift in Sources */,
				0D761A741D0F5AD5005AF870 /* FavoriteModalViewController.swift in Sources */,
				0D6AE3D81CFF844700C7A793 /* Resources+Extensions.swift in Sources */,
			);
			runOnlyForDeploymentPostprocessing = 0;
		};
		0D6AE3A41CFF81FC00C7A793 /* Sources */ = {
			isa = PBXSourcesBuildPhase;
			buildActionMask = 2147483647;
			files = (
				0D6AE3AD1CFF81FC00C7A793 /* Ao_DisporTests.swift in Sources */,
			);
			runOnlyForDeploymentPostprocessing = 0;
		};
		0D6AE3AF1CFF81FC00C7A793 /* Sources */ = {
			isa = PBXSourcesBuildPhase;
			buildActionMask = 2147483647;
			files = (
				0D6AE3B81CFF81FC00C7A793 /* Ao_DisporUITests.swift in Sources */,
			);
			runOnlyForDeploymentPostprocessing = 0;
		};
/* End PBXSourcesBuildPhase section */

/* Begin PBXTargetDependency section */
		0D6AE3AA1CFF81FC00C7A793 /* PBXTargetDependency */ = {
			isa = PBXTargetDependency;
			target = 0D6AE3911CFF81FC00C7A793 /* Ao Dispor */;
			targetProxy = 0D6AE3A91CFF81FC00C7A793 /* PBXContainerItemProxy */;
		};
		0D6AE3B51CFF81FC00C7A793 /* PBXTargetDependency */ = {
			isa = PBXTargetDependency;
			target = 0D6AE3911CFF81FC00C7A793 /* Ao Dispor */;
			targetProxy = 0D6AE3B41CFF81FC00C7A793 /* PBXContainerItemProxy */;
		};
/* End PBXTargetDependency section */

/* Begin PBXVariantGroup section */
		0D6AE39B1CFF81FC00C7A793 /* Main.storyboard */ = {
			isa = PBXVariantGroup;
			children = (
				0D6AE39C1CFF81FC00C7A793 /* Base */,
			);
			name = Main.storyboard;
			sourceTree = "<group>";
		};
		0D6AE3A01CFF81FC00C7A793 /* LaunchScreen.storyboard */ = {
			isa = PBXVariantGroup;
			children = (
				0D6AE3A11CFF81FC00C7A793 /* Base */,
			);
			name = LaunchScreen.storyboard;
			sourceTree = "<group>";
		};
/* End PBXVariantGroup section */

/* Begin XCBuildConfiguration section */
		0D6AE3BA1CFF81FC00C7A793 /* Debug */ = {
			isa = XCBuildConfiguration;
			buildSettings = {
				ALWAYS_SEARCH_USER_PATHS = NO;
				CLANG_ANALYZER_NONNULL = YES;
				CLANG_CXX_LANGUAGE_STANDARD = "gnu++0x";
				CLANG_CXX_LIBRARY = "libc++";
				CLANG_ENABLE_MODULES = YES;
				CLANG_ENABLE_OBJC_ARC = YES;
				CLANG_WARN_BOOL_CONVERSION = YES;
				CLANG_WARN_CONSTANT_CONVERSION = YES;
				CLANG_WARN_DIRECT_OBJC_ISA_USAGE = YES_ERROR;
				CLANG_WARN_EMPTY_BODY = YES;
				CLANG_WARN_ENUM_CONVERSION = YES;
				CLANG_WARN_INT_CONVERSION = YES;
				CLANG_WARN_OBJC_ROOT_CLASS = YES_ERROR;
				CLANG_WARN_UNREACHABLE_CODE = YES;
				CLANG_WARN__DUPLICATE_METHOD_MATCH = YES;
				"CODE_SIGN_IDENTITY[sdk=iphoneos*]" = "iPhone Developer";
				COPY_PHASE_STRIP = NO;
				DEBUG_INFORMATION_FORMAT = dwarf;
				ENABLE_STRICT_OBJC_MSGSEND = YES;
				ENABLE_TESTABILITY = YES;
				GCC_C_LANGUAGE_STANDARD = gnu99;
				GCC_DYNAMIC_NO_PIC = NO;
				GCC_NO_COMMON_BLOCKS = YES;
				GCC_OPTIMIZATION_LEVEL = 0;
				GCC_PREPROCESSOR_DEFINITIONS = (
					"DEBUG=1",
					"$(inherited)",
				);
				GCC_WARN_64_TO_32_BIT_CONVERSION = YES;
				GCC_WARN_ABOUT_RETURN_TYPE = YES_ERROR;
				GCC_WARN_UNDECLARED_SELECTOR = YES;
				GCC_WARN_UNINITIALIZED_AUTOS = YES_AGGRESSIVE;
				GCC_WARN_UNUSED_FUNCTION = YES;
				GCC_WARN_UNUSED_VARIABLE = YES;
				IPHONEOS_DEPLOYMENT_TARGET = 9.0;
				MTL_ENABLE_DEBUG_INFO = YES;
				ONLY_ACTIVE_ARCH = YES;
				SDKROOT = iphoneos;
				SWIFT_OPTIMIZATION_LEVEL = "-Onone";
			};
			name = Debug;
		};
		0D6AE3BB1CFF81FC00C7A793 /* Release */ = {
			isa = XCBuildConfiguration;
			buildSettings = {
				ALWAYS_SEARCH_USER_PATHS = NO;
				CLANG_ANALYZER_NONNULL = YES;
				CLANG_CXX_LANGUAGE_STANDARD = "gnu++0x";
				CLANG_CXX_LIBRARY = "libc++";
				CLANG_ENABLE_MODULES = YES;
				CLANG_ENABLE_OBJC_ARC = YES;
				CLANG_WARN_BOOL_CONVERSION = YES;
				CLANG_WARN_CONSTANT_CONVERSION = YES;
				CLANG_WARN_DIRECT_OBJC_ISA_USAGE = YES_ERROR;
				CLANG_WARN_EMPTY_BODY = YES;
				CLANG_WARN_ENUM_CONVERSION = YES;
				CLANG_WARN_INT_CONVERSION = YES;
				CLANG_WARN_OBJC_ROOT_CLASS = YES_ERROR;
				CLANG_WARN_UNREACHABLE_CODE = YES;
				CLANG_WARN__DUPLICATE_METHOD_MATCH = YES;
				"CODE_SIGN_IDENTITY[sdk=iphoneos*]" = "iPhone Developer";
				COPY_PHASE_STRIP = NO;
				DEBUG_INFORMATION_FORMAT = "dwarf-with-dsym";
				ENABLE_NS_ASSERTIONS = NO;
				ENABLE_STRICT_OBJC_MSGSEND = YES;
				GCC_C_LANGUAGE_STANDARD = gnu99;
				GCC_NO_COMMON_BLOCKS = YES;
				GCC_WARN_64_TO_32_BIT_CONVERSION = YES;
				GCC_WARN_ABOUT_RETURN_TYPE = YES_ERROR;
				GCC_WARN_UNDECLARED_SELECTOR = YES;
				GCC_WARN_UNINITIALIZED_AUTOS = YES_AGGRESSIVE;
				GCC_WARN_UNUSED_FUNCTION = YES;
				GCC_WARN_UNUSED_VARIABLE = YES;
				IPHONEOS_DEPLOYMENT_TARGET = 9.0;
				MTL_ENABLE_DEBUG_INFO = NO;
				ONLY_ACTIVE_ARCH = YES;
				SDKROOT = iphoneos;
				VALIDATE_PRODUCT = YES;
			};
			name = Release;
		};
		0D6AE3BD1CFF81FC00C7A793 /* Debug */ = {
			isa = XCBuildConfiguration;
			baseConfigurationReference = C7E4DB6B4F52CE9A2C75F2BB /* Pods-Ao Dispor.debug.xcconfig */;
			buildSettings = {
				ASSETCATALOG_COMPILER_APPICON_NAME = AppIcon;
				ASSETCATALOG_COMPILER_LAUNCHIMAGE_NAME = LaunchImage;
				CODE_SIGN_IDENTITY = "iPhone Developer";
				EMBEDDED_CONTENT_CONTAINS_SWIFT = NO;
				INFOPLIST_FILE = "Ao Dispor/Info.plist";
				IPHONEOS_DEPLOYMENT_TARGET = 9.0;
				LD_RUNPATH_SEARCH_PATHS = "$(inherited) @executable_path/Frameworks";
				PRODUCT_BUNDLE_IDENTIFIER = "pt.aodispor.Ao-Dispor";
				PRODUCT_NAME = "$(TARGET_NAME)";
				TARGETED_DEVICE_FAMILY = 1;
			};
			name = Debug;
		};
		0D6AE3BE1CFF81FC00C7A793 /* Release */ = {
			isa = XCBuildConfiguration;
			baseConfigurationReference = 889E18F8B6F0890F8F4DB696 /* Pods-Ao Dispor.release.xcconfig */;
			buildSettings = {
				ASSETCATALOG_COMPILER_APPICON_NAME = AppIcon;
				ASSETCATALOG_COMPILER_LAUNCHIMAGE_NAME = LaunchImage;
				CODE_SIGN_IDENTITY = "iPhone Developer";
				EMBEDDED_CONTENT_CONTAINS_SWIFT = NO;
				INFOPLIST_FILE = "Ao Dispor/Info.plist";
				IPHONEOS_DEPLOYMENT_TARGET = 9.0;
				LD_RUNPATH_SEARCH_PATHS = "$(inherited) @executable_path/Frameworks";
				PRODUCT_BUNDLE_IDENTIFIER = "pt.aodispor.Ao-Dispor";
				PRODUCT_NAME = "$(TARGET_NAME)";
				TARGETED_DEVICE_FAMILY = 1;
			};
			name = Release;
		};
		0D6AE3C01CFF81FC00C7A793 /* Debug */ = {
			isa = XCBuildConfiguration;
			baseConfigurationReference = C8CD8FBB5F08890815BD0D14 /* Pods-Ao DisporTests.debug.xcconfig */;
			buildSettings = {
				BUNDLE_LOADER = "$(TEST_HOST)";
				INFOPLIST_FILE = "Ao DisporTests/Info.plist";
				LD_RUNPATH_SEARCH_PATHS = "$(inherited) @executable_path/Frameworks @loader_path/Frameworks";
				PRODUCT_BUNDLE_IDENTIFIER = "pt.aodispor.Ao-DisporTests";
				PRODUCT_NAME = "$(TARGET_NAME)";
				TEST_HOST = "$(BUILT_PRODUCTS_DIR)/Ao Dispor.app/Ao Dispor";
			};
			name = Debug;
		};
		0D6AE3C11CFF81FC00C7A793 /* Release */ = {
			isa = XCBuildConfiguration;
			baseConfigurationReference = 62BDF106BC6E9FB1C1CD4433 /* Pods-Ao DisporTests.release.xcconfig */;
			buildSettings = {
				BUNDLE_LOADER = "$(TEST_HOST)";
				INFOPLIST_FILE = "Ao DisporTests/Info.plist";
				LD_RUNPATH_SEARCH_PATHS = "$(inherited) @executable_path/Frameworks @loader_path/Frameworks";
				PRODUCT_BUNDLE_IDENTIFIER = "pt.aodispor.Ao-DisporTests";
				PRODUCT_NAME = "$(TARGET_NAME)";
				TEST_HOST = "$(BUILT_PRODUCTS_DIR)/Ao Dispor.app/Ao Dispor";
			};
			name = Release;
		};
		0D6AE3C31CFF81FC00C7A793 /* Debug */ = {
			isa = XCBuildConfiguration;
			baseConfigurationReference = 7EBAFAD0AAEA6E61510F77AA /* Pods-Ao DisporUITests.debug.xcconfig */;
			buildSettings = {
				INFOPLIST_FILE = "Ao DisporUITests/Info.plist";
				LD_RUNPATH_SEARCH_PATHS = "$(inherited) @executable_path/Frameworks @loader_path/Frameworks";
				PRODUCT_BUNDLE_IDENTIFIER = "pt.aodispor.Ao-DisporUITests";
				PRODUCT_NAME = "$(TARGET_NAME)";
				TEST_TARGET_NAME = "Ao Dispor";
			};
			name = Debug;
		};
		0D6AE3C41CFF81FC00C7A793 /* Release */ = {
			isa = XCBuildConfiguration;
			baseConfigurationReference = C4946055D6002C3A24E4C1C4 /* Pods-Ao DisporUITests.release.xcconfig */;
			buildSettings = {
				INFOPLIST_FILE = "Ao DisporUITests/Info.plist";
				LD_RUNPATH_SEARCH_PATHS = "$(inherited) @executable_path/Frameworks @loader_path/Frameworks";
				PRODUCT_BUNDLE_IDENTIFIER = "pt.aodispor.Ao-DisporUITests";
				PRODUCT_NAME = "$(TARGET_NAME)";
				TEST_TARGET_NAME = "Ao Dispor";
			};
			name = Release;
		};
/* End XCBuildConfiguration section */

/* Begin XCConfigurationList section */
		0D6AE38D1CFF81FC00C7A793 /* Build configuration list for PBXProject "Ao Dispor" */ = {
			isa = XCConfigurationList;
			buildConfigurations = (
				0D6AE3BA1CFF81FC00C7A793 /* Debug */,
				0D6AE3BB1CFF81FC00C7A793 /* Release */,
			);
			defaultConfigurationIsVisible = 0;
			defaultConfigurationName = Release;
		};
		0D6AE3BC1CFF81FC00C7A793 /* Build configuration list for PBXNativeTarget "Ao Dispor" */ = {
			isa = XCConfigurationList;
			buildConfigurations = (
				0D6AE3BD1CFF81FC00C7A793 /* Debug */,
				0D6AE3BE1CFF81FC00C7A793 /* Release */,
			);
			defaultConfigurationIsVisible = 0;
			defaultConfigurationName = Release;
		};
		0D6AE3BF1CFF81FC00C7A793 /* Build configuration list for PBXNativeTarget "Ao DisporTests" */ = {
			isa = XCConfigurationList;
			buildConfigurations = (
				0D6AE3C01CFF81FC00C7A793 /* Debug */,
				0D6AE3C11CFF81FC00C7A793 /* Release */,
			);
			defaultConfigurationIsVisible = 0;
			defaultConfigurationName = Release;
		};
		0D6AE3C21CFF81FC00C7A793 /* Build configuration list for PBXNativeTarget "Ao DisporUITests" */ = {
			isa = XCConfigurationList;
			buildConfigurations = (
				0D6AE3C31CFF81FC00C7A793 /* Debug */,
				0D6AE3C41CFF81FC00C7A793 /* Release */,
			);
			defaultConfigurationIsVisible = 0;
			defaultConfigurationName = Release;
		};
/* End XCConfigurationList section */
	};
	rootObject = 0D6AE38A1CFF81FC00C7A793 /* Project object */;
}
